
Microsoft Visual Studio Solution File, Format Version 12.00
Project("{FAE04EC0-301F-11D3-BF4B-00C04F79EFBC}") = "Jaco", ".\Jaco\Jaco.csproj", "{0A42A7D4-E0D7-4CBA-A437-16B8A9507827}"
EndProject
Project("{FAE04EC0-301F-11D3-BF4B-00C04F79EFBC}") = "JacoTests", ".\JacoTests\JacoTests.csproj", "{763629D4-7B27-423A-8D70-952B0F093742}"
EndProject
Global
	GlobalSection(SolutionConfigurationPlatforms) = preSolution
		Debug|Any CPU = Debug|Any CPU
		Release|Any CPU = Release|Any CPU
	EndGlobalSection
	GlobalSection(ProjectConfigurationPlatforms) = postSolution
		{0A42A7D4-E0D7-4CBA-A437-16B8A9507827}.Debug|Any CPU.ActiveCfg = Debug|Any CPU
		{0A42A7D4-E0D7-4CBA-A437-16B8A9507827}.Debug|Any CPU.Build.0 = Debug|Any CPU
		{0A42A7D4-E0D7-4CBA-A437-16B8A9507827}.Release|Any CPU.ActiveCfg = Release|Any CPU
		{0A42A7D4-E0D7-4CBA-A437-16B8A9507827}.Release|Any CPU.Build.0 = Release|Any CPU
		{763629D4-7B27-423A-8D70-952B0F093742}.Debug|Any CPU.ActiveCfg = Debug|Any CPU
		{763629D4-7B27-423A-8D70-952B0F093742}.Debug|Any CPU.Build.0 = Debug|Any CPU
		{763629D4-7B27-423A-8D70-952B0F093742}.Release|Any CPU.ActiveCfg = Release|Any CPU
		{763629D4-7B27-423A-8D70-952B0F093742}.Release|Any CPU.Build.0 = Release|Any CPU
	EndGlobalSection
EndGlobal
